
Microsoft Visual Studio Solution File, Format Version 12.00
Project("{FAE04EC0-301F-11D3-BF4B-00C04F79EFBC}") = "RabbitMQDemo", "RabbitMQDemo\RabbitMQDemo.csproj", "{B4EE608A-8F64-4752-94E6-6DAEEE036C41}"
EndProject
Project("{FAE04EC0-301F-11D3-BF4B-00C04F79EFBC}") = "ServiceA", "ServiceA\ServiceA.csproj", "{A8100E69-225D-4F8D-A0D1-0F6EEFC97560}"
EndProject
Project("{FAE04EC0-301F-11D3-BF4B-00C04F79EFBC}") = "ServiceB", "ServiceB\ServiceB.csproj", "{70026592-B1F9-4902-A3DF-459741C11C96}"
EndProject
Global
	GlobalSection(SolutionConfigurationPlatforms) = preSolution
		Debug|Any CPU = Debug|Any CPU
		Release|Any CPU = Release|Any CPU
	EndGlobalSection
	GlobalSection(ProjectConfigurationPlatforms) = postSolution
		{B4EE608A-8F64-4752-94E6-6DAEEE036C41}.Debug|Any CPU.ActiveCfg = Debug|Any CPU
		{B4EE608A-8F64-4752-94E6-6DAEEE036C41}.Debug|Any CPU.Build.0 = Debug|Any CPU
		{B4EE608A-8F64-4752-94E6-6DAEEE036C41}.Release|Any CPU.ActiveCfg = Release|Any CPU
		{B4EE608A-8F64-4752-94E6-6DAEEE036C41}.Release|Any CPU.Build.0 = Release|Any CPU
		{A8100E69-225D-4F8D-A0D1-0F6EEFC97560}.Debug|Any CPU.ActiveCfg = Debug|Any CPU
		{A8100E69-225D-4F8D-A0D1-0F6EEFC97560}.Debug|Any CPU.Build.0 = Debug|Any CPU
		{A8100E69-225D-4F8D-A0D1-0F6EEFC97560}.Release|Any CPU.ActiveCfg = Release|Any CPU
		{A8100E69-225D-4F8D-A0D1-0F6EEFC97560}.Release|Any CPU.Build.0 = Release|Any CPU
		{70026592-B1F9-4902-A3DF-459741C11C96}.Debug|Any CPU.ActiveCfg = Debug|Any CPU
		{70026592-B1F9-4902-A3DF-459741C11C96}.Debug|Any CPU.Build.0 = Debug|Any CPU
		{70026592-B1F9-4902-A3DF-459741C11C96}.Release|Any CPU.ActiveCfg = Release|Any CPU
		{70026592-B1F9-4902-A3DF-459741C11C96}.Release|Any CPU.Build.0 = Release|Any CPU
	EndGlobalSection
EndGlobal
